// !$*UTF8*$!
{
	archiveVersion = 1;
	classes = {
	};
	objectVersion = 56;
	objects = {

/* Begin PBXBuildFile section */
		CC5C933728EADCEF00B26AD0 /* WebKit.framework in Frameworks */ = {isa = PBXBuildFile; fileRef = CC5C933628EADCEF00B26AD0 /* WebKit.framework */; };
		CC5C933F28ED5E8600B26AD0 /* FirstViewController.swift in Sources */ = {isa = PBXBuildFile; fileRef = CC5C933E28ED5E8600B26AD0 /* FirstViewController.swift */; };
		CC5C934128ED5EDB00B26AD0 /* CategoryTableViewCell.swift in Sources */ = {isa = PBXBuildFile; fileRef = CC5C934028ED5EDB00B26AD0 /* CategoryTableViewCell.swift */; };
		CC71E41B28EAD07500311BC5 /* DetailViewController.swift in Sources */ = {isa = PBXBuildFile; fileRef = CC71E41A28EAD07500311BC5 /* DetailViewController.swift */; };
		CC9FA63D28EABC6700FC76BD /* VideoTableViewCell.swift in Sources */ = {isa = PBXBuildFile; fileRef = CC9FA63C28EABC6700FC76BD /* VideoTableViewCell.swift */; };
		CC9FA64428EACD7400FC76BD /* CacheManager.swift in Sources */ = {isa = PBXBuildFile; fileRef = CC9FA64328EACD7400FC76BD /* CacheManager.swift */; };
		CCC5B78E28E967C600165F66 /* AppDelegate.swift in Sources */ = {isa = PBXBuildFile; fileRef = CCC5B78D28E967C600165F66 /* AppDelegate.swift */; };
		CCC5B79028E967C600165F66 /* SceneDelegate.swift in Sources */ = {isa = PBXBuildFile; fileRef = CCC5B78F28E967C600165F66 /* SceneDelegate.swift */; };
		CCC5B79228E967C600165F66 /* SecondViewController.swift in Sources */ = {isa = PBXBuildFile; fileRef = CCC5B79128E967C600165F66 /* SecondViewController.swift */; };
		CCC5B79528E967C600165F66 /* Main.storyboard in Resources */ = {isa = PBXBuildFile; fileRef = CCC5B79328E967C600165F66 /* Main.storyboard */; };
		CCC5B79728E967C700165F66 /* Assets.xcassets in Resources */ = {isa = PBXBuildFile; fileRef = CCC5B79628E967C700165F66 /* Assets.xcassets */; };
		CCC5B79A28E967C700165F66 /* LaunchScreen.storyboard in Resources */ = {isa = PBXBuildFile; fileRef = CCC5B79828E967C700165F66 /* LaunchScreen.storyboard */; };
		CCC5B7A228E9685900165F66 /* Constants.swift in Sources */ = {isa = PBXBuildFile; fileRef = CCC5B7A128E9685900165F66 /* Constants.swift */; };
		CCC5B7A428E9709F00165F66 /* Video.swift in Sources */ = {isa = PBXBuildFile; fileRef = CCC5B7A328E9709F00165F66 /* Video.swift */; };
		CCC5B7A628E970DF00165F66 /* Model.swift in Sources */ = {isa = PBXBuildFile; fileRef = CCC5B7A528E970DF00165F66 /* Model.swift */; };
		CCC5B7A828E98BA600165F66 /* Response.swift in Sources */ = {isa = PBXBuildFile; fileRef = CCC5B7A728E98BA600165F66 /* Response.swift */; };
/* End PBXBuildFile section */

/* Begin PBXFileReference section */
		CC5C933628EADCEF00B26AD0 /* WebKit.framework */ = {isa = PBXFileReference; lastKnownFileType = wrapper.framework; name = WebKit.framework; path = System/Library/Frameworks/WebKit.framework; sourceTree = SDKROOT; };
		CC5C933E28ED5E8600B26AD0 /* FirstViewController.swift */ = {isa = PBXFileReference; lastKnownFileType = sourcecode.swift; path = FirstViewController.swift; sourceTree = "<group>"; };
		CC5C934028ED5EDB00B26AD0 /* CategoryTableViewCell.swift */ = {isa = PBXFileReference; lastKnownFileType = sourcecode.swift; path = CategoryTableViewCell.swift; sourceTree = "<group>"; };
		CC71E41A28EAD07500311BC5 /* DetailViewController.swift */ = {isa = PBXFileReference; lastKnownFileType = sourcecode.swift; path = DetailViewController.swift; sourceTree = "<group>"; };
		CC9FA63C28EABC6700FC76BD /* VideoTableViewCell.swift */ = {isa = PBXFileReference; lastKnownFileType = sourcecode.swift; path = VideoTableViewCell.swift; sourceTree = "<group>"; };
		CC9FA64328EACD7400FC76BD /* CacheManager.swift */ = {isa = PBXFileReference; lastKnownFileType = sourcecode.swift; path = CacheManager.swift; sourceTree = "<group>"; };
		CCC5B78A28E967C600165F66 /* yogaYoutube.app */ = {isa = PBXFileReference; explicitFileType = wrapper.application; includeInIndex = 0; path = yogaYoutube.app; sourceTree = BUILT_PRODUCTS_DIR; };
		CCC5B78D28E967C600165F66 /* AppDelegate.swift */ = {isa = PBXFileReference; lastKnownFileType = sourcecode.swift; path = AppDelegate.swift; sourceTree = "<group>"; };
		CCC5B78F28E967C600165F66 /* SceneDelegate.swift */ = {isa = PBXFileReference; lastKnownFileType = sourcecode.swift; path = SceneDelegate.swift; sourceTree = "<group>"; };
		CCC5B79128E967C600165F66 /* SecondViewController.swift */ = {isa = PBXFileReference; lastKnownFileType = sourcecode.swift; path = SecondViewController.swift; sourceTree = "<group>"; };
		CCC5B79428E967C600165F66 /* Base */ = {isa = PBXFileReference; lastKnownFileType = file.storyboard; name = Base; path = Base.lproj/Main.storyboard; sourceTree = "<group>"; };
		CCC5B79628E967C700165F66 /* Assets.xcassets */ = {isa = PBXFileReference; lastKnownFileType = folder.assetcatalog; path = Assets.xcassets; sourceTree = "<group>"; };
		CCC5B79928E967C700165F66 /* Base */ = {isa = PBXFileReference; lastKnownFileType = file.storyboard; name = Base; path = Base.lproj/LaunchScreen.storyboard; sourceTree = "<group>"; };
		CCC5B79B28E967C700165F66 /* Info.plist */ = {isa = PBXFileReference; lastKnownFileType = text.plist.xml; path = Info.plist; sourceTree = "<group>"; };
		CCC5B7A128E9685900165F66 /* Constants.swift */ = {isa = PBXFileReference; lastKnownFileType = sourcecode.swift; path = Constants.swift; sourceTree = "<group>"; };
		CCC5B7A328E9709F00165F66 /* Video.swift */ = {isa = PBXFileReference; lastKnownFileType = sourcecode.swift; path = Video.swift; sourceTree = "<group>"; };
		CCC5B7A528E970DF00165F66 /* Model.swift */ = {isa = PBXFileReference; lastKnownFileType = sourcecode.swift; path = Model.swift; sourceTree = "<group>"; };
		CCC5B7A728E98BA600165F66 /* Response.swift */ = {isa = PBXFileReference; lastKnownFileType = sourcecode.swift; path = Response.swift; sourceTree = "<group>"; };
/* End PBXFileReference section */

/* Begin PBXFrameworksBuildPhase section */
		CCC5B78728E967C600165F66 /* Frameworks */ = {
			isa = PBXFrameworksBuildPhase;
			buildActionMask = 2147483647;
			files = (
				CC5C933728EADCEF00B26AD0 /* WebKit.framework in Frameworks */,
			);
			runOnlyForDeploymentPostprocessing = 0;
		};
/* End PBXFrameworksBuildPhase section */

/* Begin PBXGroup section */
		CC5C933528EADCEF00B26AD0 /* Frameworks */ = {
			isa = PBXGroup;
			children = (
				CC5C933628EADCEF00B26AD0 /* WebKit.framework */,
			);
			name = Frameworks;
			sourceTree = "<group>";
		};
		CC9FA63E28EABC7900FC76BD /* View Controllers */ = {
			isa = PBXGroup;
			children = (
				CCC5B79128E967C600165F66 /* SecondViewController.swift */,
				CC71E41A28EAD07500311BC5 /* DetailViewController.swift */,
				CC5C933E28ED5E8600B26AD0 /* FirstViewController.swift */,
			);
			path = "View Controllers";
			sourceTree = "<group>";
		};
		CC9FA63F28EABC8200FC76BD /* Views */ = {
			isa = PBXGroup;
			children = (
				CC9FA63C28EABC6700FC76BD /* VideoTableViewCell.swift */,
				CC5C934028ED5EDB00B26AD0 /* CategoryTableViewCell.swift */,
			);
			path = Views;
			sourceTree = "<group>";
		};
		CC9FA64028EABC8600FC76BD /* Models */ = {
			isa = PBXGroup;
			children = (
				CCC5B7A728E98BA600165F66 /* Response.swift */,
				CCC5B7A328E9709F00165F66 /* Video.swift */,
				CCC5B7A528E970DF00165F66 /* Model.swift */,
			);
			path = Models;
			sourceTree = "<group>";
		};
		CC9FA64128EABC8B00FC76BD /* StoryBoards */ = {
			isa = PBXGroup;
			children = (
				CCC5B79328E967C600165F66 /* Main.storyboard */,
				CCC5B79828E967C700165F66 /* LaunchScreen.storyboard */,
			);
			path = StoryBoards;
			sourceTree = "<group>";
		};
		CC9FA64228EABC9300FC76BD /* Helpers */ = {
			isa = PBXGroup;
			children = (
				CCC5B7A128E9685900165F66 /* Constants.swift */,
				CC9FA64328EACD7400FC76BD /* CacheManager.swift */,
			);
			path = Helpers;
			sourceTree = "<group>";
		};
		CCC5B78128E967C600165F66 = {
			isa = PBXGroup;
			children = (
				CCC5B78C28E967C600165F66 /* yogaYoutube */,
				CCC5B78B28E967C600165F66 /* Products */,
				CC5C933528EADCEF00B26AD0 /* Frameworks */,
			);
			sourceTree = "<group>";
		};
		CCC5B78B28E967C600165F66 /* Products */ = {
			isa = PBXGroup;
			children = (
				CCC5B78A28E967C600165F66 /* yogaYoutube.app */,
			);
			name = Products;
			sourceTree = "<group>";
		};
		CCC5B78C28E967C600165F66 /* yogaYoutube */ = {
			isa = PBXGroup;
			children = (
				CCC5B78D28E967C600165F66 /* AppDelegate.swift */,
				CCC5B78F28E967C600165F66 /* SceneDelegate.swift */,
				CC9FA64228EABC9300FC76BD /* Helpers */,
				CC9FA64128EABC8B00FC76BD /* StoryBoards */,
				CC9FA64028EABC8600FC76BD /* Models */,
				CC9FA63F28EABC8200FC76BD /* Views */,
				CC9FA63E28EABC7900FC76BD /* View Controllers */,
				CCC5B79628E967C700165F66 /* Assets.xcassets */,
				CCC5B79B28E967C700165F66 /* Info.plist */,
			);
			path = yogaYoutube;
			sourceTree = "<group>";
		};
/* End PBXGroup section */

/* Begin PBXNativeTarget section */
		CCC5B78928E967C600165F66 /* yogaYoutube */ = {
			isa = PBXNativeTarget;
			buildConfigurationList = CCC5B79E28E967C700165F66 /* Build configuration list for PBXNativeTarget "yogaYoutube" */;
			buildPhases = (
				CCC5B78628E967C600165F66 /* Sources */,
				CCC5B78728E967C600165F66 /* Frameworks */,
				CCC5B78828E967C600165F66 /* Resources */,
			);
			buildRules = (
			);
			dependencies = (
			);
			name = yogaYoutube;
			productName = yogaYoutube;
			productReference = CCC5B78A28E967C600165F66 /* yogaYoutube.app */;
			productType = "com.apple.product-type.application";
		};
/* End PBXNativeTarget section */

/* Begin PBXProject section */
		CCC5B78228E967C600165F66 /* Project object */ = {
			isa = PBXProject;
			attributes = {
				BuildIndependentTargetsInParallel = 1;
				LastSwiftUpdateCheck = 1400;
				LastUpgradeCheck = 1400;
				TargetAttributes = {
					CCC5B78928E967C600165F66 = {
						CreatedOnToolsVersion = 14.0.1;
					};
				};
			};
			buildConfigurationList = CCC5B78528E967C600165F66 /* Build configuration list for PBXProject "yogaYoutube" */;
			compatibilityVersion = "Xcode 14.0";
			developmentRegion = en;
			hasScannedForEncodings = 0;
			knownRegions = (
				en,
				Base,
			);
			mainGroup = CCC5B78128E967C600165F66;
			productRefGroup = CCC5B78B28E967C600165F66 /* Products */;
			projectDirPath = "";
			projectRoot = "";
			targets = (
				CCC5B78928E967C600165F66 /* yogaYoutube */,
			);
		};
/* End PBXProject section */

/* Begin PBXResourcesBuildPhase section */
		CCC5B78828E967C600165F66 /* Resources */ = {
			isa = PBXResourcesBuildPhase;
			buildActionMask = 2147483647;
			files = (
				CCC5B79A28E967C700165F66 /* LaunchScreen.storyboard in Resources */,
				CCC5B79728E967C700165F66 /* Assets.xcassets in Resources */,
				CCC5B79528E967C600165F66 /* Main.storyboard in Resources */,
			);
			runOnlyForDeploymentPostprocessing = 0;
		};
/* End PBXResourcesBuildPhase section */

/* Begin PBXSourcesBuildPhase section */
		CCC5B78628E967C600165F66 /* Sources */ = {
			isa = PBXSourcesBuildPhase;
			buildActionMask = 2147483647;
			files = (
				CCC5B79228E967C600165F66 /* SecondViewController.swift in Sources */,
				CC9FA64428EACD7400FC76BD /* CacheManager.swift in Sources */,
				CCC5B78E28E967C600165F66 /* AppDelegate.swift in Sources */,
				CCC5B79028E967C600165F66 /* SceneDelegate.swift in Sources */,
				CCC5B7A628E970DF00165F66 /* Model.swift in Sources */,
				CCC5B7A228E9685900165F66 /* Constants.swift in Sources */,
				CC9FA63D28EABC6700FC76BD /* VideoTableViewCell.swift in Sources */,
				CC71E41B28EAD07500311BC5 /* DetailViewController.swift in Sources */,
				CCC5B7A428E9709F00165F66 /* Video.swift in Sources */,
				CCC5B7A828E98BA600165F66 /* Response.swift in Sources */,
				CC5C933F28ED5E8600B26AD0 /* FirstViewController.swift in Sources */,
				CC5C934128ED5EDB00B26AD0 /* CategoryTableViewCell.swift in Sources */,
			);
			runOnlyForDeploymentPostprocessing = 0;
		};
/* End PBXSourcesBuildPhase section */

/* Begin PBXVariantGroup section */
		CCC5B79328E967C600165F66 /* Main.storyboard */ = {
			isa = PBXVariantGroup;
			children = (
				CCC5B79428E967C600165F66 /* Base */,
			);
			name = Main.storyboard;
			sourceTree = "<group>";
		};
		CCC5B79828E967C700165F66 /* LaunchScreen.storyboard */ = {
			isa = PBXVariantGroup;
			children = (
				CCC5B79928E967C700165F66 /* Base */,
			);
			name = LaunchScreen.storyboard;
			sourceTree = "<group>";
		};
/* End PBXVariantGroup section */

/* Begin XCBuildConfiguration section */
		CCC5B79C28E967C700165F66 /* Debug */ = {
			isa = XCBuildConfiguration;
			buildSettings = {
				ALWAYS_SEARCH_USER_PATHS = NO;
				CLANG_ANALYZER_NONNULL = YES;
				CLANG_ANALYZER_NUMBER_OBJECT_CONVERSION = YES_AGGRESSIVE;
				CLANG_CXX_LANGUAGE_STANDARD = "gnu++20";
				CLANG_ENABLE_MODULES = YES;
				CLANG_ENABLE_OBJC_ARC = YES;
				CLANG_ENABLE_OBJC_WEAK = YES;
				CLANG_WARN_BLOCK_CAPTURE_AUTORELEASING = YES;
				CLANG_WARN_BOOL_CONVERSION = YES;
				CLANG_WARN_COMMA = YES;
				CLANG_WARN_CONSTANT_CONVERSION = YES;
				CLANG_WARN_DEPRECATED_OBJC_IMPLEMENTATIONS = YES;
				CLANG_WARN_DIRECT_OBJC_ISA_USAGE = YES_ERROR;
				CLANG_WARN_DOCUMENTATION_COMMENTS = YES;
				CLANG_WARN_EMPTY_BODY = YES;
				CLANG_WARN_ENUM_CONVERSION = YES;
				CLANG_WARN_INFINITE_RECURSION = YES;
				CLANG_WARN_INT_CONVERSION = YES;
				CLANG_WARN_NON_LITERAL_NULL_CONVERSION = YES;
				CLANG_WARN_OBJC_IMPLICIT_RETAIN_SELF = YES;
				CLANG_WARN_OBJC_LITERAL_CONVERSION = YES;
				CLANG_WARN_OBJC_ROOT_CLASS = YES_ERROR;
				CLANG_WARN_QUOTED_INCLUDE_IN_FRAMEWORK_HEADER = YES;
				CLANG_WARN_RANGE_LOOP_ANALYSIS = YES;
				CLANG_WARN_STRICT_PROTOTYPES = YES;
				CLANG_WARN_SUSPICIOUS_MOVE = YES;
				CLANG_WARN_UNGUARDED_AVAILABILITY = YES_AGGRESSIVE;
				CLANG_WARN_UNREACHABLE_CODE = YES;
				CLANG_WARN__DUPLICATE_METHOD_MATCH = YES;
				COPY_PHASE_STRIP = NO;
				DEBUG_INFORMATION_FORMAT = dwarf;
				ENABLE_STRICT_OBJC_MSGSEND = YES;
				ENABLE_TESTABILITY = YES;
				GCC_C_LANGUAGE_STANDARD = gnu11;
				GCC_DYNAMIC_NO_PIC = NO;
				GCC_NO_COMMON_BLOCKS = YES;
				GCC_OPTIMIZATION_LEVEL = 0;
				GCC_PREPROCESSOR_DEFINITIONS = (
					"DEBUG=1",
					"$(inherited)",
				);
				GCC_WARN_64_TO_32_BIT_CONVERSION = YES;
				GCC_WARN_ABOUT_RETURN_TYPE = YES_ERROR;
				GCC_WARN_UNDECLARED_SELECTOR = YES;
				GCC_WARN_UNINITIALIZED_AUTOS = YES_AGGRESSIVE;
				GCC_WARN_UNUSED_FUNCTION = YES;
				GCC_WARN_UNUSED_VARIABLE = YES;
				IPHONEOS_DEPLOYMENT_TARGET = 16.0;
				MTL_ENABLE_DEBUG_INFO = INCLUDE_SOURCE;
				MTL_FAST_MATH = YES;
				ONLY_ACTIVE_ARCH = YES;
				SDKROOT = iphoneos;
				SWIFT_ACTIVE_COMPILATION_CONDITIONS = DEBUG;
				SWIFT_OPTIMIZATION_LEVEL = "-Onone";
			};
			name = Debug;
		};
		CCC5B79D28E967C700165F66 /* Release */ = {
			isa = XCBuildConfiguration;
			buildSettings = {
				ALWAYS_SEARCH_USER_PATHS = NO;
				CLANG_ANALYZER_NONNULL = YES;
				CLANG_ANALYZER_NUMBER_OBJECT_CONVERSION = YES_AGGRESSIVE;
				CLANG_CXX_LANGUAGE_STANDARD = "gnu++20";
				CLANG_ENABLE_MODULES = YES;
				CLANG_ENABLE_OBJC_ARC = YES;
				CLANG_ENABLE_OBJC_WEAK = YES;
				CLANG_WARN_BLOCK_CAPTURE_AUTORELEASING = YES;
				CLANG_WARN_BOOL_CONVERSION = YES;
				CLANG_WARN_COMMA = YES;
				CLANG_WARN_CONSTANT_CONVERSION = YES;
				CLANG_WARN_DEPRECATED_OBJC_IMPLEMENTATIONS = YES;
				CLANG_WARN_DIRECT_OBJC_ISA_USAGE = YES_ERROR;
				CLANG_WARN_DOCUMENTATION_COMMENTS = YES;
				CLANG_WARN_EMPTY_BODY = YES;
				CLANG_WARN_ENUM_CONVERSION = YES;
				CLANG_WARN_INFINITE_RECURSION = YES;
				CLANG_WARN_INT_CONVERSION = YES;
				CLANG_WARN_NON_LITERAL_NULL_CONVERSION = YES;
				CLANG_WARN_OBJC_IMPLICIT_RETAIN_SELF = YES;
				CLANG_WARN_OBJC_LITERAL_CONVERSION = YES;
				CLANG_WARN_OBJC_ROOT_CLASS = YES_ERROR;
				CLANG_WARN_QUOTED_INCLUDE_IN_FRAMEWORK_HEADER = YES;
				CLANG_WARN_RANGE_LOOP_ANALYSIS = YES;
				CLANG_WARN_STRICT_PROTOTYPES = YES;
				CLANG_WARN_SUSPICIOUS_MOVE = YES;
				CLANG_WARN_UNGUARDED_AVAILABILITY = YES_AGGRESSIVE;
				CLANG_WARN_UNREACHABLE_CODE = YES;
				CLANG_WARN__DUPLICATE_METHOD_MATCH = YES;
				COPY_PHASE_STRIP = NO;
				DEBUG_INFORMATION_FORMAT = "dwarf-with-dsym";
				ENABLE_NS_ASSERTIONS = NO;
				ENABLE_STRICT_OBJC_MSGSEND = YES;
				GCC_C_LANGUAGE_STANDARD = gnu11;
				GCC_NO_COMMON_BLOCKS = YES;
				GCC_WARN_64_TO_32_BIT_CONVERSION = YES;
				GCC_WARN_ABOUT_RETURN_TYPE = YES_ERROR;
				GCC_WARN_UNDECLARED_SELECTOR = YES;
				GCC_WARN_UNINITIALIZED_AUTOS = YES_AGGRESSIVE;
				GCC_WARN_UNUSED_FUNCTION = YES;
				GCC_WARN_UNUSED_VARIABLE = YES;
				IPHONEOS_DEPLOYMENT_TARGET = 16.0;
				MTL_ENABLE_DEBUG_INFO = NO;
				MTL_FAST_MATH = YES;
				SDKROOT = iphoneos;
				SWIFT_COMPILATION_MODE = wholemodule;
				SWIFT_OPTIMIZATION_LEVEL = "-O";
				VALIDATE_PRODUCT = YES;
			};
			name = Release;
		};
		CCC5B79F28E967C700165F66 /* Debug */ = {
			isa = XCBuildConfiguration;
			buildSettings = {
				ASSETCATALOG_COMPILER_APPICON_NAME = AppIcon;
				ASSETCATALOG_COMPILER_GLOBAL_ACCENT_COLOR_NAME = AccentColor;
				CODE_SIGN_STYLE = Automatic;
				CURRENT_PROJECT_VERSION = 1;
				DEVELOPMENT_TEAM = J7ZP3WYXRW;
				GENERATE_INFOPLIST_FILE = YES;
				INFOPLIST_FILE = yogaYoutube/Info.plist;
				INFOPLIST_KEY_UIApplicationSupportsIndirectInputEvents = YES;
				INFOPLIST_KEY_UILaunchStoryboardName = LaunchScreen;
				INFOPLIST_KEY_UIMainStoryboardFile = Main;
				INFOPLIST_KEY_UISupportedInterfaceOrientations_iPad = "UIInterfaceOrientationPortrait UIInterfaceOrientationPortraitUpsideDown UIInterfaceOrientationLandscapeLeft UIInterfaceOrientationLandscapeRight";
				INFOPLIST_KEY_UISupportedInterfaceOrientations_iPhone = "UIInterfaceOrientationPortrait UIInterfaceOrientationLandscapeLeft UIInterfaceOrientationLandscapeRight";
				LD_RUNPATH_SEARCH_PATHS = (
					"$(inherited)",
					"@executable_path/Frameworks",
				);
				MARKETING_VERSION = 1.0;
				PRODUCT_BUNDLE_IDENTIFIER = Rivery.yogaYoutube;
				PRODUCT_NAME = "$(TARGET_NAME)";
				SWIFT_EMIT_LOC_STRINGS = YES;
				SWIFT_VERSION = 5.0;
				TARGETED_DEVICE_FAMILY = "1,2";
			};
			name = Debug;
		};
		CCC5B7A028E967C700165F66 /* Release */ = {
			isa = XCBuildConfiguration;
			buildSettings = {
				ASSETCATALOG_COMPILER_APPICON_NAME = AppIcon;
				ASSETCATALOG_COMPILER_GLOBAL_ACCENT_COLOR_NAME = AccentColor;
				CODE_SIGN_STYLE = Automatic;
				CURRENT_PROJECT_VERSION = 1;
				DEVELOPMENT_TEAM = J7ZP3WYXRW;
				GENERATE_INFOPLIST_FILE = YES;
				INFOPLIST_FILE = yogaYoutube/Info.plist;
				INFOPLIST_KEY_UIApplicationSupportsIndirectInputEvents = YES;
				INFOPLIST_KEY_UILaunchStoryboardName = LaunchScreen;
				INFOPLIST_KEY_UIMainStoryboardFile = Main;
				INFOPLIST_KEY_UISupportedInterfaceOrientations_iPad = "UIInterfaceOrientationPortrait UIInterfaceOrientationPortraitUpsideDown UIInterfaceOrientationLandscapeLeft UIInterfaceOrientationLandscapeRight";
				INFOPLIST_KEY_UISupportedInterfaceOrientations_iPhone = "UIInterfaceOrientationPortrait UIInterfaceOrientationLandscapeLeft UIInterfaceOrientationLandscapeRight";
				LD_RUNPATH_SEARCH_PATHS = (
					"$(inherited)",
					"@executable_path/Frameworks",
				);
				MARKETING_VERSION = 1.0;
				PRODUCT_BUNDLE_IDENTIFIER = Rivery.yogaYoutube;
				PRODUCT_NAME = "$(TARGET_NAME)";
				SWIFT_EMIT_LOC_STRINGS = YES;
				SWIFT_VERSION = 5.0;
				TARGETED_DEVICE_FAMILY = "1,2";
			};
			name = Release;
		};
/* End XCBuildConfiguration section */

/* Begin XCConfigurationList section */
		CCC5B78528E967C600165F66 /* Build configuration list for PBXProject "yogaYoutube" */ = {
			isa = XCConfigurationList;
			buildConfigurations = (
				CCC5B79C28E967C700165F66 /* Debug */,
				CCC5B79D28E967C700165F66 /* Release */,
			);
			defaultConfigurationIsVisible = 0;
			defaultConfigurationName = Release;
		};
		CCC5B79E28E967C700165F66 /* Build configuration list for PBXNativeTarget "yogaYoutube" */ = {
			isa = XCConfigurationList;
			buildConfigurations = (
				CCC5B79F28E967C700165F66 /* Debug */,
				CCC5B7A028E967C700165F66 /* Release */,
			);
			defaultConfigurationIsVisible = 0;
			defaultConfigurationName = Release;
		};
/* End XCConfigurationList section */
	};
	rootObject = CCC5B78228E967C600165F66 /* Project object */;
}
